// !$*UTF8*$!
{
	archiveVersion = 1;
	classes = {
	};
	objectVersion = 55;
	objects = {

/* Begin PBXBuildFile section */
		2207D4EF27947FCE00AD3A75 /* Graph.cpp in Sources */ = {isa = PBXBuildFile; fileRef = 2207D4ED27947FCE00AD3A75 /* Graph.cpp */; };
		2207D4F227947FE000AD3A75 /* GUI.cpp in Sources */ = {isa = PBXBuildFile; fileRef = 2207D4F027947FE000AD3A75 /* GUI.cpp */; };
		2207D4F52794C4A500AD3A75 /* Simple_window.cpp in Sources */ = {isa = PBXBuildFile; fileRef = 2207D4F32794C4A500AD3A75 /* Simple_window.cpp */; };
		2268C57D2791C6BD00370682 /* main.cpp in Sources */ = {isa = PBXBuildFile; fileRef = 2268C57C2791C6BD00370682 /* main.cpp */; };
		2268C5862791FFB400370682 /* Window.cpp in Sources */ = {isa = PBXBuildFile; fileRef = 2268C5842791FFB400370682 /* Window.cpp */; };
/* End PBXBuildFile section */

/* Begin PBXCopyFilesBuildPhase section */
		2268C5772791C6BD00370682 /* CopyFiles */ = {
			isa = PBXCopyFilesBuildPhase;
			buildActionMask = 2147483647;
			dstPath = /usr/share/man/man1/;
			dstSubfolderSpec = 0;
			files = (
			);
			runOnlyForDeploymentPostprocessing = 1;
		};
/* End PBXCopyFilesBuildPhase section */

/* Begin PBXFileReference section */
		2207D4ED27947FCE00AD3A75 /* Graph.cpp */ = {isa = PBXFileReference; lastKnownFileType = sourcecode.cpp.cpp; path = Graph.cpp; sourceTree = "<group>"; };
		2207D4EE27947FCE00AD3A75 /* Graph.hpp */ = {isa = PBXFileReference; lastKnownFileType = sourcecode.cpp.h; path = Graph.hpp; sourceTree = "<group>"; };
		2207D4F027947FE000AD3A75 /* GUI.cpp */ = {isa = PBXFileReference; lastKnownFileType = sourcecode.cpp.cpp; path = GUI.cpp; sourceTree = "<group>"; };
		2207D4F127947FE000AD3A75 /* GUI.hpp */ = {isa = PBXFileReference; lastKnownFileType = sourcecode.cpp.h; path = GUI.hpp; sourceTree = "<group>"; };
		2207D4F32794C4A500AD3A75 /* Simple_window.cpp */ = {isa = PBXFileReference; lastKnownFileType = sourcecode.cpp.cpp; path = Simple_window.cpp; sourceTree = "<group>"; };
		2207D4F42794C4A500AD3A75 /* Simple_window.hpp */ = {isa = PBXFileReference; lastKnownFileType = sourcecode.cpp.h; path = Simple_window.hpp; sourceTree = "<group>"; };
		2207D510279BADC700AD3A75 /* done.jpg */ = {isa = PBXFileReference; lastKnownFileType = image.jpeg; path = done.jpg; sourceTree = "<group>"; };
		2207D511279BADC700AD3A75 /* view.jpg */ = {isa = PBXFileReference; lastKnownFileType = image.jpeg; path = view.jpg; sourceTree = "<group>"; };
		2268C5792791C6BD00370682 /* ppp-display */ = {isa = PBXFileReference; explicitFileType = "compiled.mach-o.executable"; includeInIndex = 0; path = "ppp-display"; sourceTree = BUILT_PRODUCTS_DIR; };
		2268C57C2791C6BD00370682 /* main.cpp */ = {isa = PBXFileReference; lastKnownFileType = sourcecode.cpp.cpp; path = main.cpp; sourceTree = "<group>"; };
		2268C5832791D78800370682 /* README.md */ = {isa = PBXFileReference; lastKnownFileType = net.daringfireball.markdown; path = README.md; sourceTree = "<group>"; };
		2268C5842791FFB400370682 /* Window.cpp */ = {isa = PBXFileReference; lastKnownFileType = sourcecode.cpp.cpp; path = Window.cpp; sourceTree = "<group>"; };
		2268C5852791FFB400370682 /* Window.hpp */ = {isa = PBXFileReference; lastKnownFileType = sourcecode.cpp.h; path = Window.hpp; sourceTree = "<group>"; };
		2268C5872792091A00370682 /* Point.h */ = {isa = PBXFileReference; lastKnownFileType = sourcecode.c.h; path = Point.h; sourceTree = "<group>"; };
/* End PBXFileReference section */

/* Begin PBXFrameworksBuildPhase section */
		2268C5762791C6BD00370682 /* Frameworks */ = {
			isa = PBXFrameworksBuildPhase;
			buildActionMask = 2147483647;
			files = (
			);
			runOnlyForDeploymentPostprocessing = 0;
		};
/* End PBXFrameworksBuildPhase section */

/* Begin PBXGroup section */
		2207D50F279BADC700AD3A75 /* data */ = {
			isa = PBXGroup;
			children = (
				2207D510279BADC700AD3A75 /* done.jpg */,
				2207D511279BADC700AD3A75 /* view.jpg */,
			);
			path = data;
			sourceTree = "<group>";
		};
		2268C5702791C6BD00370682 = {
			isa = PBXGroup;
			children = (
				2268C5832791D78800370682 /* README.md */,
				2268C57B2791C6BD00370682 /* ppp-display */,
				2268C57A2791C6BD00370682 /* Products */,
			);
			sourceTree = "<group>";
		};
		2268C57A2791C6BD00370682 /* Products */ = {
			isa = PBXGroup;
			children = (
				2268C5792791C6BD00370682 /* ppp-display */,
			);
			name = Products;
			sourceTree = "<group>";
		};
		2268C57B2791C6BD00370682 /* ppp-display */ = {
			isa = PBXGroup;
			children = (
				2207D50F279BADC700AD3A75 /* data */,
				2268C57C2791C6BD00370682 /* main.cpp */,
				2268C5842791FFB400370682 /* Window.cpp */,
				2268C5852791FFB400370682 /* Window.hpp */,
				2268C5872792091A00370682 /* Point.h */,
				2207D4ED27947FCE00AD3A75 /* Graph.cpp */,
				2207D4EE27947FCE00AD3A75 /* Graph.hpp */,
				2207D4F027947FE000AD3A75 /* GUI.cpp */,
				2207D4F127947FE000AD3A75 /* GUI.hpp */,
				2207D4F32794C4A500AD3A75 /* Simple_window.cpp */,
				2207D4F42794C4A500AD3A75 /* Simple_window.hpp */,
			);
			path = "ppp-display";
			sourceTree = "<group>";
		};
/* End PBXGroup section */

/* Begin PBXNativeTarget section */
		2268C5782791C6BD00370682 /* ppp-display */ = {
			isa = PBXNativeTarget;
			buildConfigurationList = 2268C5802791C6BD00370682 /* Build configuration list for PBXNativeTarget "ppp-display" */;
			buildPhases = (
				2268C5752791C6BD00370682 /* Sources */,
				2268C5762791C6BD00370682 /* Frameworks */,
				2268C5772791C6BD00370682 /* CopyFiles */,
			);
			buildRules = (
			);
			dependencies = (
			);
			name = "ppp-display";
			productName = "ppp-display";
			productReference = 2268C5792791C6BD00370682 /* ppp-display */;
			productType = "com.apple.product-type.tool";
		};
/* End PBXNativeTarget section */

/* Begin PBXProject section */
		2268C5712791C6BD00370682 /* Project object */ = {
			isa = PBXProject;
			attributes = {
				BuildIndependentTargetsInParallel = 1;
				LastUpgradeCheck = 1320;
				TargetAttributes = {
					2268C5782791C6BD00370682 = {
						CreatedOnToolsVersion = 13.2.1;
					};
				};
			};
			buildConfigurationList = 2268C5742791C6BD00370682 /* Build configuration list for PBXProject "ppp-display" */;
			compatibilityVersion = "Xcode 13.0";
			developmentRegion = en;
			hasScannedForEncodings = 0;
			knownRegions = (
				en,
				Base,
			);
			mainGroup = 2268C5702791C6BD00370682;
			productRefGroup = 2268C57A2791C6BD00370682 /* Products */;
			projectDirPath = "";
			projectRoot = "";
			targets = (
				2268C5782791C6BD00370682 /* ppp-display */,
			);
		};
/* End PBXProject section */

/* Begin PBXSourcesBuildPhase section */
		2268C5752791C6BD00370682 /* Sources */ = {
			isa = PBXSourcesBuildPhase;
			buildActionMask = 2147483647;
			files = (
				2207D4F52794C4A500AD3A75 /* Simple_window.cpp in Sources */,
				2268C57D2791C6BD00370682 /* main.cpp in Sources */,
				2207D4F227947FE000AD3A75 /* GUI.cpp in Sources */,
				2207D4EF27947FCE00AD3A75 /* Graph.cpp in Sources */,
				2268C5862791FFB400370682 /* Window.cpp in Sources */,
			);
			runOnlyForDeploymentPostprocessing = 0;
		};
/* End PBXSourcesBuildPhase section */

/* Begin XCBuildConfiguration section */
		2268C57E2791C6BD00370682 /* Debug */ = {
			isa = XCBuildConfiguration;
			buildSettings = {
				ALWAYS_SEARCH_USER_PATHS = NO;
				CLANG_ANALYZER_NONNULL = YES;
				CLANG_ANALYZER_NUMBER_OBJECT_CONVERSION = YES_AGGRESSIVE;
				CLANG_CXX_LANGUAGE_STANDARD = "gnu++17";
				CLANG_CXX_LIBRARY = "libc++";
				CLANG_ENABLE_MODULES = YES;
				CLANG_ENABLE_OBJC_ARC = YES;
				CLANG_ENABLE_OBJC_WEAK = YES;
				CLANG_WARN_BLOCK_CAPTURE_AUTORELEASING = YES;
				CLANG_WARN_BOOL_CONVERSION = YES;
				CLANG_WARN_COMMA = YES;
				CLANG_WARN_CONSTANT_CONVERSION = YES;
				CLANG_WARN_DEPRECATED_OBJC_IMPLEMENTATIONS = YES;
				CLANG_WARN_DIRECT_OBJC_ISA_USAGE = YES_ERROR;
				CLANG_WARN_DOCUMENTATION_COMMENTS = YES;
				CLANG_WARN_EMPTY_BODY = YES;
				CLANG_WARN_ENUM_CONVERSION = YES;
				CLANG_WARN_INFINITE_RECURSION = YES;
				CLANG_WARN_INT_CONVERSION = YES;
				CLANG_WARN_NON_LITERAL_NULL_CONVERSION = YES;
				CLANG_WARN_OBJC_IMPLICIT_RETAIN_SELF = YES;
				CLANG_WARN_OBJC_LITERAL_CONVERSION = YES;
				CLANG_WARN_OBJC_ROOT_CLASS = YES_ERROR;
				CLANG_WARN_QUOTED_INCLUDE_IN_FRAMEWORK_HEADER = YES;
				CLANG_WARN_RANGE_LOOP_ANALYSIS = YES;
				CLANG_WARN_STRICT_PROTOTYPES = YES;
				CLANG_WARN_SUSPICIOUS_MOVE = YES;
				CLANG_WARN_UNGUARDED_AVAILABILITY = YES_AGGRESSIVE;
				CLANG_WARN_UNREACHABLE_CODE = YES;
				CLANG_WARN__DUPLICATE_METHOD_MATCH = YES;
				COPY_PHASE_STRIP = NO;
				DEBUG_INFORMATION_FORMAT = dwarf;
				ENABLE_STRICT_OBJC_MSGSEND = YES;
				ENABLE_TESTABILITY = YES;
				GCC_C_LANGUAGE_STANDARD = gnu11;
				GCC_DYNAMIC_NO_PIC = NO;
				GCC_NO_COMMON_BLOCKS = YES;
				GCC_OPTIMIZATION_LEVEL = 0;
				GCC_PREPROCESSOR_DEFINITIONS = (
					"DEBUG=1",
					"$(inherited)",
				);
				GCC_WARN_64_TO_32_BIT_CONVERSION = YES;
				GCC_WARN_ABOUT_RETURN_TYPE = YES_ERROR;
				GCC_WARN_UNDECLARED_SELECTOR = YES;
				GCC_WARN_UNINITIALIZED_AUTOS = YES_AGGRESSIVE;
				GCC_WARN_UNUSED_FUNCTION = YES;
				GCC_WARN_UNUSED_VARIABLE = YES;
				MACOSX_DEPLOYMENT_TARGET = 12.1;
				MTL_ENABLE_DEBUG_INFO = INCLUDE_SOURCE;
				MTL_FAST_MATH = YES;
				ONLY_ACTIVE_ARCH = YES;
				SDKROOT = macosx;
			};
			name = Debug;
		};
		2268C57F2791C6BD00370682 /* Release */ = {
			isa = XCBuildConfiguration;
			buildSettings = {
				ALWAYS_SEARCH_USER_PATHS = NO;
				CLANG_ANALYZER_NONNULL = YES;
				CLANG_ANALYZER_NUMBER_OBJECT_CONVERSION = YES_AGGRESSIVE;
				CLANG_CXX_LANGUAGE_STANDARD = "gnu++17";
				CLANG_CXX_LIBRARY = "libc++";
				CLANG_ENABLE_MODULES = YES;
				CLANG_ENABLE_OBJC_ARC = YES;
				CLANG_ENABLE_OBJC_WEAK = YES;
				CLANG_WARN_BLOCK_CAPTURE_AUTORELEASING = YES;
				CLANG_WARN_BOOL_CONVERSION = YES;
				CLANG_WARN_COMMA = YES;
				CLANG_WARN_CONSTANT_CONVERSION = YES;
				CLANG_WARN_DEPRECATED_OBJC_IMPLEMENTATIONS = YES;
				CLANG_WARN_DIRECT_OBJC_ISA_USAGE = YES_ERROR;
				CLANG_WARN_DOCUMENTATION_COMMENTS = YES;
				CLANG_WARN_EMPTY_BODY = YES;
				CLANG_WARN_ENUM_CONVERSION = YES;
				CLANG_WARN_INFINITE_RECURSION = YES;
				CLANG_WARN_INT_CONVERSION = YES;
				CLANG_WARN_NON_LITERAL_NULL_CONVERSION = YES;
				CLANG_WARN_OBJC_IMPLICIT_RETAIN_SELF = YES;
				CLANG_WARN_OBJC_LITERAL_CONVERSION = YES;
				CLANG_WARN_OBJC_ROOT_CLASS = YES_ERROR;
				CLANG_WARN_QUOTED_INCLUDE_IN_FRAMEWORK_HEADER = YES;
				CLANG_WARN_RANGE_LOOP_ANALYSIS = YES;
				CLANG_WARN_STRICT_PROTOTYPES = YES;
				CLANG_WARN_SUSPICIOUS_MOVE = YES;
				CLANG_WARN_UNGUARDED_AVAILABILITY = YES_AGGRESSIVE;
				CLANG_WARN_UNREACHABLE_CODE = YES;
				CLANG_WARN__DUPLICATE_METHOD_MATCH = YES;
				COPY_PHASE_STRIP = NO;
				DEBUG_INFORMATION_FORMAT = "dwarf-with-dsym";
				ENABLE_NS_ASSERTIONS = NO;
				ENABLE_STRICT_OBJC_MSGSEND = YES;
				GCC_C_LANGUAGE_STANDARD = gnu11;
				GCC_NO_COMMON_BLOCKS = YES;
				GCC_WARN_64_TO_32_BIT_CONVERSION = YES;
				GCC_WARN_ABOUT_RETURN_TYPE = YES_ERROR;
				GCC_WARN_UNDECLARED_SELECTOR = YES;
				GCC_WARN_UNINITIALIZED_AUTOS = YES_AGGRESSIVE;
				GCC_WARN_UNUSED_FUNCTION = YES;
				GCC_WARN_UNUSED_VARIABLE = YES;
				MACOSX_DEPLOYMENT_TARGET = 12.1;
				MTL_ENABLE_DEBUG_INFO = NO;
				MTL_FAST_MATH = YES;
				SDKROOT = macosx;
			};
			name = Release;
		};
		2268C5812791C6BD00370682 /* Debug */ = {
			isa = XCBuildConfiguration;
			buildSettings = {
				CODE_SIGN_STYLE = Automatic;
				HEADER_SEARCH_PATHS = /usr/local/include;
				LIBRARY_SEARCH_PATHS = /usr/local/lib;
				OTHER_LDFLAGS = (
					"-L/usr/local/Cellar/fltk/1.3.5/lib",
					"-lfltk",
					"-lfltk_images",
					"-lpthread",
					"-framework",
					Cocoa,
				);
				PRODUCT_NAME = "$(TARGET_NAME)";
			};
			name = Debug;
		};
		2268C5822791C6BD00370682 /* Release */ = {
			isa = XCBuildConfiguration;
			buildSettings = {
				CODE_SIGN_STYLE = Automatic;
				HEADER_SEARCH_PATHS = /usr/local/include;
				LIBRARY_SEARCH_PATHS = /usr/local/lib;
				OTHER_LDFLAGS = (
					"-L/usr/local/Cellar/fltk/1.3.5/lib",
					"-lfltk",
					"-lfltk_images",
					"-lpthread",
					"-framework",
					Cocoa,
				);
				PRODUCT_NAME = "$(TARGET_NAME)";
			};
			name = Release;
		};
/* End XCBuildConfiguration section */

/* Begin XCConfigurationList section */
		2268C5742791C6BD00370682 /* Build configuration list for PBXProject "ppp-display" */ = {
			isa = XCConfigurationList;
			buildConfigurations = (
				2268C57E2791C6BD00370682 /* Debug */,
				2268C57F2791C6BD00370682 /* Release */,
			);
			defaultConfigurationIsVisible = 0;
			defaultConfigurationName = Release;
		};
		2268C5802791C6BD00370682 /* Build configuration list for PBXNativeTarget "ppp-display" */ = {
			isa = XCConfigurationList;
			buildConfigurations = (
				2268C5812791C6BD00370682 /* Debug */,
				2268C5822791C6BD00370682 /* Release */,
			);
			defaultConfigurationIsVisible = 0;
			defaultConfigurationName = Release;
		};
/* End XCConfigurationList section */
	};
	rootObject = 2268C5712791C6BD00370682 /* Project object */;
}
